
Microsoft Visual Studio Solution File, Format Version 12.00
# Visual Studio Version 17
VisualStudioVersion = 17.4.33103.184
MinimumVisualStudioVersion = 10.0.40219.1
Project("{FAE04EC0-301F-11D3-BF4B-00C04F79EFBC}") = "InheritenceAndTwoProjects", "Book\InheritenceAndTwoProjects.csproj", "{1893D4AA-8296-48C3-89B6-53C4BF6A96B2}"
EndProject
Project("{FAE04EC0-301F-11D3-BF4B-00C04F79EFBC}") = "Project2", "Project2\Project2.csproj", "{D1E7BB1B-7879-41B7-9567-75AA8DE3ABEA}"
EndProject
Global
	GlobalSection(SolutionConfigurationPlatforms) = preSolution
		Debug|Any CPU = Debug|Any CPU
		Release|Any CPU = Release|Any CPU
	EndGlobalSection
	GlobalSection(ProjectConfigurationPlatforms) = postSolution
		{1893D4AA-8296-48C3-89B6-53C4BF6A96B2}.Debug|Any CPU.ActiveCfg = Debug|Any CPU
		{1893D4AA-8296-48C3-89B6-53C4BF6A96B2}.Debug|Any CPU.Build.0 = Debug|Any CPU
		{1893D4AA-8296-48C3-89B6-53C4BF6A96B2}.Release|Any CPU.ActiveCfg = Release|Any CPU
		{1893D4AA-8296-48C3-89B6-53C4BF6A96B2}.Release|Any CPU.Build.0 = Release|Any CPU
		{D1E7BB1B-7879-41B7-9567-75AA8DE3ABEA}.Debug|Any CPU.ActiveCfg = Debug|Any CPU
		{D1E7BB1B-7879-41B7-9567-75AA8DE3ABEA}.Debug|Any CPU.Build.0 = Debug|Any CPU
		{D1E7BB1B-7879-41B7-9567-75AA8DE3ABEA}.Release|Any CPU.ActiveCfg = Release|Any CPU
		{D1E7BB1B-7879-41B7-9567-75AA8DE3ABEA}.Release|Any CPU.Build.0 = Release|Any CPU
	EndGlobalSection
	GlobalSection(SolutionProperties) = preSolution
		HideSolutionNode = FALSE
	EndGlobalSection
	GlobalSection(ExtensibilityGlobals) = postSolution
		SolutionGuid = {DD7078C0-43BB-411A-84AC-2777545E3EEC}
	EndGlobalSection
EndGlobal
